
Microsoft Visual Studio Solution File, Format Version 9.00
# Visual Studio 2005
Project("{8BC9CEB8-8B4A-11D0-8D11-00A0C91BC942}") = "GL1", "GL1\GL1.vcproj", "{830FE6B4-F114-4C02-BEB6-BF1C4C6D3B5A}"
EndProject
Project("{8BC9CEB8-8B4A-11D0-8D11-00A0C91BC942}") = "oglstep1", "oglstep1\oglstep1.vcproj", "{8F1EE73C-2AA2-4313-BE8B-E162D1CA9585}"
EndProject
Project("{8BC9CEB8-8B4A-11D0-8D11-00A0C91BC942}") = "oglstep2", "oglstep2\oglstep2.vcproj", "{8408D829-5DD8-4942-AD61-BD63D4E94033}"
EndProject
Project("{8BC9CEB8-8B4A-11D0-8D11-00A0C91BC942}") = "oglstep3", "oglstep3\oglstep3.vcproj", "{67E70CB1-B284-4AE3-B9FF-E3C03A7325E9}"
EndProject
Project("{8BC9CEB8-8B4A-11D0-8D11-00A0C91BC942}") = "oglstep4", "oglstep4\oglstep4.vcproj", "{8106ABC3-C93A-40ED-89A8-79D82A3CC34A}"
EndProject
Project("{8BC9CEB8-8B4A-11D0-8D11-00A0C91BC942}") = "oglstep5", "oglstep5\oglstep5.vcproj", "{85F54F65-0EAD-42DE-899D-F84EC9BC8B10}"
EndProject
Project("{8BC9CEB8-8B4A-11D0-8D11-00A0C91BC942}") = "oglstep6", "oglstep6\oglstep6.vcproj", "{884FC0AF-593C-48DF-B717-699083C9D698}"
EndProject
Project("{8BC9CEB8-8B4A-11D0-8D11-00A0C91BC942}") = "oglstep7", "oglstep7\oglstep7.vcproj", "{3DD67747-DA12-4FBB-AB89-ECEB63ED617C}"
EndProject
Project("{8BC9CEB8-8B4A-11D0-8D11-00A0C91BC942}") = "oglstep8", "oglstep8\oglstep8.vcproj", "{8A971A51-F86F-4020-888F-06EE282C7475}"
EndProject
Project("{8BC9CEB8-8B4A-11D0-8D11-00A0C91BC942}") = "oglstep9", "oglstep9\oglstep9.vcproj", "{087E8C7D-88C9-4DF5-B69C-F165854CF61E}"
EndProject
Project("{8BC9CEB8-8B4A-11D0-8D11-00A0C91BC942}") = "oglstep10", "oglstep10\oglstep10.vcproj", "{409DA453-C476-47D4-88BD-5C8547BE5611}"
EndProject
Project("{8BC9CEB8-8B4A-11D0-8D11-00A0C91BC942}") = "oglsuper3", "oglsuper3\oglsuper3.vcproj", "{BDB4695B-94B9-404D-8D57-617ECE5EC3FE}"
EndProject
Project("{8BC9CEB8-8B4A-11D0-8D11-00A0C91BC942}") = "drawline", "drawline\drawline.vcproj", "{DE2F96AA-2C8B-4031-9FFF-8D2DB5FC2FE4}"
EndProject
Global
	GlobalSection(SolutionConfigurationPlatforms) = preSolution
		Debug|Win32 = Debug|Win32
		Release|Win32 = Release|Win32
	EndGlobalSection
	GlobalSection(ProjectConfigurationPlatforms) = postSolution
		{830FE6B4-F114-4C02-BEB6-BF1C4C6D3B5A}.Debug|Win32.ActiveCfg = Debug|Win32
		{830FE6B4-F114-4C02-BEB6-BF1C4C6D3B5A}.Debug|Win32.Build.0 = Debug|Win32
		{830FE6B4-F114-4C02-BEB6-BF1C4C6D3B5A}.Release|Win32.ActiveCfg = Release|Win32
		{830FE6B4-F114-4C02-BEB6-BF1C4C6D3B5A}.Release|Win32.Build.0 = Release|Win32
		{8F1EE73C-2AA2-4313-BE8B-E162D1CA9585}.Debug|Win32.ActiveCfg = Debug|Win32
		{8F1EE73C-2AA2-4313-BE8B-E162D1CA9585}.Debug|Win32.Build.0 = Debug|Win32
		{8F1EE73C-2AA2-4313-BE8B-E162D1CA9585}.Release|Win32.ActiveCfg = Release|Win32
		{8F1EE73C-2AA2-4313-BE8B-E162D1CA9585}.Release|Win32.Build.0 = Release|Win32
		{8408D829-5DD8-4942-AD61-BD63D4E94033}.Debug|Win32.ActiveCfg = Debug|Win32
		{8408D829-5DD8-4942-AD61-BD63D4E94033}.Debug|Win32.Build.0 = Debug|Win32
		{8408D829-5DD8-4942-AD61-BD63D4E94033}.Release|Win32.ActiveCfg = Release|Win32
		{8408D829-5DD8-4942-AD61-BD63D4E94033}.Release|Win32.Build.0 = Release|Win32
		{67E70CB1-B284-4AE3-B9FF-E3C03A7325E9}.Debug|Win32.ActiveCfg = Debug|Win32
		{67E70CB1-B284-4AE3-B9FF-E3C03A7325E9}.Debug|Win32.Build.0 = Debug|Win32
		{67E70CB1-B284-4AE3-B9FF-E3C03A7325E9}.Release|Win32.ActiveCfg = Release|Win32
		{67E70CB1-B284-4AE3-B9FF-E3C03A7325E9}.Release|Win32.Build.0 = Release|Win32
		{8106ABC3-C93A-40ED-89A8-79D82A3CC34A}.Debug|Win32.ActiveCfg = Debug|Win32
		{8106ABC3-C93A-40ED-89A8-79D82A3CC34A}.Debug|Win32.Build.0 = Debug|Win32
		{8106ABC3-C93A-40ED-89A8-79D82A3CC34A}.Release|Win32.ActiveCfg = Release|Win32
		{8106ABC3-C93A-40ED-89A8-79D82A3CC34A}.Release|Win32.Build.0 = Release|Win32
		{85F54F65-0EAD-42DE-899D-F84EC9BC8B10}.Debug|Win32.ActiveCfg = Debug|Win32
		{85F54F65-0EAD-42DE-899D-F84EC9BC8B10}.Debug|Win32.Build.0 = Debug|Win32
		{85F54F65-0EAD-42DE-899D-F84EC9BC8B10}.Release|Win32.ActiveCfg = Release|Win32
		{85F54F65-0EAD-42DE-899D-F84EC9BC8B10}.Release|Win32.Build.0 = Release|Win32
		{884FC0AF-593C-48DF-B717-699083C9D698}.Debug|Win32.ActiveCfg = Debug|Win32
		{884FC0AF-593C-48DF-B717-699083C9D698}.Debug|Win32.Build.0 = Debug|Win32
		{884FC0AF-593C-48DF-B717-699083C9D698}.Release|Win32.ActiveCfg = Release|Win32
		{884FC0AF-593C-48DF-B717-699083C9D698}.Release|Win32.Build.0 = Release|Win32
		{3DD67747-DA12-4FBB-AB89-ECEB63ED617C}.Debug|Win32.ActiveCfg = Debug|Win32
		{3DD67747-DA12-4FBB-AB89-ECEB63ED617C}.Debug|Win32.Build.0 = Debug|Win32
		{3DD67747-DA12-4FBB-AB89-ECEB63ED617C}.Release|Win32.ActiveCfg = Release|Win32
		{3DD67747-DA12-4FBB-AB89-ECEB63ED617C}.Release|Win32.Build.0 = Release|Win32
		{8A971A51-F86F-4020-888F-06EE282C7475}.Debug|Win32.ActiveCfg = Debug|Win32
		{8A971A51-F86F-4020-888F-06EE282C7475}.Debug|Win32.Build.0 = Debug|Win32
		{8A971A51-F86F-4020-888F-06EE282C7475}.Release|Win32.ActiveCfg = Release|Win32
		{8A971A51-F86F-4020-888F-06EE282C7475}.Release|Win32.Build.0 = Release|Win32
		{087E8C7D-88C9-4DF5-B69C-F165854CF61E}.Debug|Win32.ActiveCfg = Debug|Win32
		{087E8C7D-88C9-4DF5-B69C-F165854CF61E}.Debug|Win32.Build.0 = Debug|Win32
		{087E8C7D-88C9-4DF5-B69C-F165854CF61E}.Release|Win32.ActiveCfg = Release|Win32
		{087E8C7D-88C9-4DF5-B69C-F165854CF61E}.Release|Win32.Build.0 = Release|Win32
		{409DA453-C476-47D4-88BD-5C8547BE5611}.Debug|Win32.ActiveCfg = Debug|Win32
		{409DA453-C476-47D4-88BD-5C8547BE5611}.Debug|Win32.Build.0 = Debug|Win32
		{409DA453-C476-47D4-88BD-5C8547BE5611}.Release|Win32.ActiveCfg = Release|Win32
		{409DA453-C476-47D4-88BD-5C8547BE5611}.Release|Win32.Build.0 = Release|Win32
		{BDB4695B-94B9-404D-8D57-617ECE5EC3FE}.Debug|Win32.ActiveCfg = Debug|Win32
		{BDB4695B-94B9-404D-8D57-617ECE5EC3FE}.Debug|Win32.Build.0 = Debug|Win32
		{BDB4695B-94B9-404D-8D57-617ECE5EC3FE}.Release|Win32.ActiveCfg = Release|Win32
		{BDB4695B-94B9-404D-8D57-617ECE5EC3FE}.Release|Win32.Build.0 = Release|Win32
		{DE2F96AA-2C8B-4031-9FFF-8D2DB5FC2FE4}.Debug|Win32.ActiveCfg = Debug|Win32
		{DE2F96AA-2C8B-4031-9FFF-8D2DB5FC2FE4}.Debug|Win32.Build.0 = Debug|Win32
		{DE2F96AA-2C8B-4031-9FFF-8D2DB5FC2FE4}.Release|Win32.ActiveCfg = Release|Win32
		{DE2F96AA-2C8B-4031-9FFF-8D2DB5FC2FE4}.Release|Win32.Build.0 = Release|Win32
	EndGlobalSection
	GlobalSection(SolutionProperties) = preSolution
		HideSolutionNode = FALSE
	EndGlobalSection
EndGlobal
