
Microsoft Visual Studio Solution File, Format Version 9.00
# Visual Studio 2005
Project("{8BC9CEB8-8B4A-11D0-8D11-00A0C91BC942}") = "GL1", "GL1\GL1.vcproj", "{830FE6B4-F114-4C02-BEB6-BF1C4C6D3B5A}"
EndProject
Global
	GlobalSection(SolutionConfigurationPlatforms) = preSolution
		Debug|Win32 = Debug|Win32
		Release|Win32 = Release|Win32
	EndGlobalSection
	GlobalSection(ProjectConfigurationPlatforms) = postSolution
		{830FE6B4-F114-4C02-BEB6-BF1C4C6D3B5A}.Debug|Win32.ActiveCfg = Debug|Win32
		{830FE6B4-F114-4C02-BEB6-BF1C4C6D3B5A}.Debug|Win32.Build.0 = Debug|Win32
		{830FE6B4-F114-4C02-BEB6-BF1C4C6D3B5A}.Release|Win32.ActiveCfg = Release|Win32
		{830FE6B4-F114-4C02-BEB6-BF1C4C6D3B5A}.Release|Win32.Build.0 = Release|Win32
	EndGlobalSection
	GlobalSection(SolutionProperties) = preSolution
		HideSolutionNode = FALSE
	EndGlobalSection
EndGlobal
