
Microsoft Visual Studio Solution File, Format Version 9.00
# Visual Studio 2005
Project("{8BC9CEB8-8B4A-11D0-8D11-00A0C91BC942}") = "oglsuper3", "oglsuper3\oglsuper3.vcproj", "{BDB4695B-94B9-404D-8D57-617ECE5EC3FE}"
EndProject
Project("{8BC9CEB8-8B4A-11D0-8D11-00A0C91BC942}") = "drawline", "drawline\drawline.vcproj", "{DE2F96AA-2C8B-4031-9FFF-8D2DB5FC2FE4}"
EndProject
Project("{8BC9CEB8-8B4A-11D0-8D11-00A0C91BC942}") = "triangle", "triangle\triangle.vcproj", "{43775CB6-2EC5-418C-8EE2-2D19413668A5}"
EndProject
Project("{8BC9CEB8-8B4A-11D0-8D11-00A0C91BC942}") = "polygon", "polygon\polygon.vcproj", "{867269A4-1D60-4FC1-8DEF-21058D444E4A}"
EndProject
Project("{8BC9CEB8-8B4A-11D0-8D11-00A0C91BC942}") = "triangleedge", "triangleedge\triangleedge.vcproj", "{B6ABD5A3-4FBA-4B9C-A4A8-0C3226FF2BE1}"
EndProject
Project("{2150E333-8FDC-42A3-9474-1A3956D46DE8}") = "oglsbch3", "oglsbch3", "{47EC4C88-6E05-4E42-96EB-0E4D88139C9E}"
EndProject
Project("{8BC9CEB8-8B4A-11D0-8D11-00A0C91BC942}") = "otherbuffer", "otherbuffer\otherbuffer.vcproj", "{3010898D-5914-4634-88D5-4D3E53A17C87}"
EndProject
Project("{2150E333-8FDC-42A3-9474-1A3956D46DE8}") = "oglsbch4", "oglsbch4", "{6A57A2E6-AC9B-46C8-B3FE-EFA692894D27}"
EndProject
Project("{8BC9CEB8-8B4A-11D0-8D11-00A0C91BC942}") = "atom", "atom\atom.vcproj", "{C5A34553-86C5-4F82-A6D9-6276ED3D7423}"
EndProject
Project("{8BC9CEB8-8B4A-11D0-8D11-00A0C91BC942}") = "solar", "solar\solar.vcproj", "{8B8546CB-85A2-4E3F-9877-A81DAE2D026C}"
EndProject
Project("{8BC9CEB8-8B4A-11D0-8D11-00A0C91BC942}") = "transform", "transform\transform.vcproj", "{22CD9B04-0196-4C65-B94A-EA8D46296C4E}"
EndProject
Project("{8BC9CEB8-8B4A-11D0-8D11-00A0C91BC942}") = "spereworld", "spereworld\spereworld.vcproj", "{D96852C0-EFAF-4998-9724-F8A81E3627F1}"
EndProject
Project("{8BC9CEB8-8B4A-11D0-8D11-00A0C91BC942}") = "gltools", "gltools\gltools.vcproj", "{9C9AB486-FF37-4D19-BDA1-8834C57055B5}"
EndProject
Project("{2150E333-8FDC-42A3-9474-1A3956D46DE8}") = "oglsbch5", "oglsbch5", "{5C44D4FC-D063-437C-BD79-C23C030A89E5}"
EndProject
Project("{8BC9CEB8-8B4A-11D0-8D11-00A0C91BC942}") = "colorcube", "colorcube\colorcube.vcproj", "{0B77C2EA-8EE3-49EF-903D-683A703748B5}"
EndProject
Project("{8BC9CEB8-8B4A-11D0-8D11-00A0C91BC942}") = "colortriangle", "colortriangle\colortriangle.vcproj", "{4316E779-B9F0-462D-8CEC-BA02BC6F54AC}"
EndProject
Project("{8BC9CEB8-8B4A-11D0-8D11-00A0C91BC942}") = "jet", "jet\jet.vcproj", "{35427B73-5771-4637-B8F2-70B08F7408DC}"
EndProject
Project("{8BC9CEB8-8B4A-11D0-8D11-00A0C91BC942}") = "litjet", "litjet\litjet.vcproj", "{36598E14-C657-419A-8B70-F598A8AB1A72}"
EndProject
Project("{8BC9CEB8-8B4A-11D0-8D11-00A0C91BC942}") = "spot", "spot\spot.vcproj", "{A09F56F8-BF8B-4F28-A3CB-BDC4FA883F44}"
EndProject
Project("{8BC9CEB8-8B4A-11D0-8D11-00A0C91BC942}") = "Shadow", "Shadow\Shadow.vcproj", "{7360C018-D61D-409F-83BD-B8ADD99B3024}"
EndProject
Project("{8BC9CEB8-8B4A-11D0-8D11-00A0C91BC942}") = "ShadowSphere", "ShadowSphere\ShadowSphere.vcproj", "{E750D136-CFA3-43BA-9675-059AD6572329}"
EndProject
Project("{2150E333-8FDC-42A3-9474-1A3956D46DE8}") = "oglsbch6", "oglsbch6", "{8C2F739E-1489-42F0-A446-9108F540AA4F}"
EndProject
Project("{8BC9CEB8-8B4A-11D0-8D11-00A0C91BC942}") = "REFLECTION", "REFLECTION\REFLECTION.vcproj", "{2F713590-A548-47D4-95DB-0345CC0B709D}"
EndProject
Project("{8BC9CEB8-8B4A-11D0-8D11-00A0C91BC942}") = "smoother", "smoother\smoother.vcproj", "{C2DCD7F2-6325-4E6E-A7A4-CD2A0166704E}"
EndProject
Project("{8BC9CEB8-8B4A-11D0-8D11-00A0C91BC942}") = "multisample", "multisample\multisample.vcproj", "{30B7E9FC-2C1F-4ED9-9CF6-3AB39AB971EE}"
EndProject
Project("{8BC9CEB8-8B4A-11D0-8D11-00A0C91BC942}") = "fogged", "fogged\fogged.vcproj", "{380ACA06-FE2C-4F1E-B72E-DC81A1868D55}"
EndProject
Project("{8BC9CEB8-8B4A-11D0-8D11-00A0C91BC942}") = "motionblur", "motionblur\motionblur.vcproj", "{725BB034-A3FE-4E63-9355-FEACF3861E70}"
EndProject
Project("{2150E333-8FDC-42A3-9474-1A3956D46DE8}") = "oglsbch7", "oglsbch7", "{32D7BBA2-C1D8-4848-B4C3-8349B1B03AFE}"
EndProject
Project("{8BC9CEB8-8B4A-11D0-8D11-00A0C91BC942}") = "BITMAPS", "BITMAPS\BITMAPS.vcproj", "{706A23F0-8925-438D-96C4-B4F4803ED4B8}"
EndProject
Project("{8BC9CEB8-8B4A-11D0-8D11-00A0C91BC942}") = "LoadImage", "LoadImage\LoadImage.vcproj", "{F0AA4598-57D1-4B85-A437-A4600D9FE4A9}"
EndProject
Project("{8BC9CEB8-8B4A-11D0-8D11-00A0C91BC942}") = "operations", "operations\operations.vcproj", "{F1C6B230-01EF-40A6-B76F-86D55200927D}"
EndProject
Project("{8BC9CEB8-8B4A-11D0-8D11-00A0C91BC942}") = "Imageing", "Imageing\Imageing.vcproj", "{37C33D68-46EA-4B66-AD6A-D8BFCB760CE9}"
EndProject
Project("{2150E333-8FDC-42A3-9474-1A3956D46DE8}") = "oglsbch8", "oglsbch8", "{1E165EDB-533E-428D-B6B3-4FBCF4B54524}"
EndProject
Project("{8BC9CEB8-8B4A-11D0-8D11-00A0C91BC942}") = "pyramid", "pyramid\pyramid.vcproj", "{92188A24-C532-4277-85E2-97A3087490EC}"
EndProject
Project("{8BC9CEB8-8B4A-11D0-8D11-00A0C91BC942}") = "sphereworld", "sphereworld\sphereworld.vcproj", "{B9DCD2A0-E6B4-48FA-8E51-80CE94B2C3E3}"
EndProject
Project("{8BC9CEB8-8B4A-11D0-8D11-00A0C91BC942}") = "toon", "toon\toon.vcproj", "{AF6EA801-384C-434E-B000-6DB7D12C08C4}"
EndProject
Project("{8BC9CEB8-8B4A-11D0-8D11-00A0C91BC942}") = "tunel", "tunel\tunel.vcproj", "{686548DC-552F-4E3B-A0E0-F5AB83C52F39}"
EndProject
Project("{2150E333-8FDC-42A3-9474-1A3956D46DE8}") = "oglsbch9", "oglsbch9", "{341BEF52-D1C6-4A77-9156-AC95AC649D4E}"
EndProject
Project("{8BC9CEB8-8B4A-11D0-8D11-00A0C91BC942}") = "texgen", "texgen\texgen.vcproj", "{E0A0E59D-77B1-46E0-8AA3-4FEC5EAC377F}"
EndProject
Project("{8BC9CEB8-8B4A-11D0-8D11-00A0C91BC942}") = "cubemap", "cubemap\cubemap.vcproj", "{FD6A00DA-075C-4002-9D72-414ACC8F8DEC}"
EndProject
Project("{8BC9CEB8-8B4A-11D0-8D11-00A0C91BC942}") = "multitex", "multitex\multitex.vcproj", "{1A150722-ED7B-4AE5-AB10-B1BD5851B808}"
EndProject
Project("{8BC9CEB8-8B4A-11D0-8D11-00A0C91BC942}") = "pointsprites", "pointsprites\pointsprites.vcproj", "{923CA11A-CF19-42C1-A5ED-BA553DE1A70C}"
EndProject
Project("{2150E333-8FDC-42A3-9474-1A3956D46DE8}") = "oglsbch10", "oglsbch10", "{7823C9E0-51C9-4D94-A97D-FEB50D0254C8}"
EndProject
Project("{8BC9CEB8-8B4A-11D0-8D11-00A0C91BC942}") = "bezier", "bezier\bezier.vcproj", "{AEE75656-6F6A-4317-BF2F-39DCF8788B05}"
EndProject
Project("{8BC9CEB8-8B4A-11D0-8D11-00A0C91BC942}") = "snowman", "snowman\snowman.vcproj", "{629B9B02-9B00-4757-B6C5-A71756385A33}"
EndProject
Project("{8BC9CEB8-8B4A-11D0-8D11-00A0C91BC942}") = "bezlit", "bezit\bezit.vcproj", "{569B23EF-AF36-47E1-9B25-BF1AD509C675}"
EndProject
Project("{2150E333-8FDC-42A3-9474-1A3956D46DE8}") = "oglsbch11", "oglsbch11", "{EFB5091C-4F51-4532-9A2F-B2A3DB260A45}"
EndProject
Project("{8BC9CEB8-8B4A-11D0-8D11-00A0C91BC942}") = "thunderbird", "thunderbird\thunderbird.vcproj", "{F6C6CA70-6550-4FBF-855D-E6508C493951}"
EndProject
Project("{8BC9CEB8-8B4A-11D0-8D11-00A0C91BC942}") = "sphere", "sphere\sphere.vcproj", "{3158D72C-2A75-4FB2-AE50-B940879BFB93}"
EndProject
Project("{8BC9CEB8-8B4A-11D0-8D11-00A0C91BC942}") = "nurbs", "nurbs\nurbs.vcproj", "{9DDB2294-CF03-487E-B78A-45FDB1017E16}"
EndProject
Project("{8BC9CEB8-8B4A-11D0-8D11-00A0C91BC942}") = "tessellator", "tessellator\tessellator.vcproj", "{9E5CD8AB-5BAD-4B4C-AF6C-846C97FA724E}"
EndProject
Project("{8BC9CEB8-8B4A-11D0-8D11-00A0C91BC942}") = "calllist", "calllist\calllist.vcproj", "{59C6A0CB-4C03-4486-B072-C88887627FB4}"
EndProject
Project("{8BC9CEB8-8B4A-11D0-8D11-00A0C91BC942}") = "starrynight", "starrynight\starrynight.vcproj", "{AFC20750-C4E1-4077-8BC7-1CDDE686CB51}"
EndProject
Project("{2150E333-8FDC-42A3-9474-1A3956D46DE8}") = "oglsbch12", "oglsbch12", "{E432EF3D-AF06-4A3E-A767-97580B7EECC4}"
EndProject
Project("{8BC9CEB8-8B4A-11D0-8D11-00A0C91BC942}") = "selection", "selection\selection.vcproj", "{0EA2C79E-3A6D-47F7-A46F-46D547A1F9DD}"
EndProject
Project("{8BC9CEB8-8B4A-11D0-8D11-00A0C91BC942}") = "indexarray", "indexarray\indexarray.vcproj", "{DCDA1A3C-0C0E-4F81-924C-8B9ACBC12D25}"
EndProject
Project("{8BC9CEB8-8B4A-11D0-8D11-00A0C91BC942}") = "feedback", "feedback\feedback.vcproj", "{5A1C7381-B75A-42BB-A0D7-7483248E7057}"
EndProject
Project("{8BC9CEB8-8B4A-11D0-8D11-00A0C91BC942}") = "thunderbirdgl", "thunderbirdgl\thunderbirdgl.vcproj", "{FD0D6C1C-DDFD-49A7-A23E-4E430E389AEA}"
EndProject
Project("{8BC9CEB8-8B4A-11D0-8D11-00A0C91BC942}") = "vbo", "vbo\vbo.vcproj", "{877F16C0-FEC2-48A1-AF32-B94215FE73AF}"
EndProject
Project("{2150E333-8FDC-42A3-9474-1A3956D46DE8}") = "oglsbch13", "oglsbch13", "{314BB4AF-8FE2-45B6-B884-D4DA06D39A77}"
EndProject
Project("{8BC9CEB8-8B4A-11D0-8D11-00A0C91BC942}") = "occusion", "occusion\occusion.vcproj", "{87938AB8-C521-43E9-B4A3-21B1522C5743}"
EndProject
Project("{2150E333-8FDC-42A3-9474-1A3956D46DE8}") = "oglsbch14", "oglsbch14", "{F68F03C2-2B83-4E6F-857D-CD54E07362F9}"
EndProject
Project("{8BC9CEB8-8B4A-11D0-8D11-00A0C91BC942}") = "shadowmap", "shadowmap\shadowmap.vcproj", "{A9108C1B-6C2D-47D9-BC9B-675EBDAE619E}"
EndProject
Project("{8BC9CEB8-8B4A-11D0-8D11-00A0C91BC942}") = "eyeplanetest", "eyeplanetest\eyeplanetest.vcproj", "{A2BF74F4-F61D-4347-B9E6-141EEF18FA1B}"
EndProject
Project("{2150E333-8FDC-42A3-9474-1A3956D46DE8}") = "oglsbch15", "oglsbch15", "{BC713D83-5F18-494C-9583-D4007FF11B39}"
EndProject
Project("{8BC9CEB8-8B4A-11D0-8D11-00A0C91BC942}") = "shaders", "shaders.cpp\shaders.cpp.vcproj", "{B2E3C8A9-A932-4688-87AE-D881B945E0E0}"
EndProject
Project("{2150E333-8FDC-42A3-9474-1A3956D46DE8}") = "oglsbch16", "oglsbch16", "{7C385ECC-97B7-4058-9A7B-3E3203CA49F9}"
EndProject
Project("{8BC9CEB8-8B4A-11D0-8D11-00A0C91BC942}") = "simplevs", "simplevs\simplevs.vcproj", "{627E7ADA-BFBC-44BB-B5CE-38D30660336C}"
EndProject
Project("{8BC9CEB8-8B4A-11D0-8D11-00A0C91BC942}") = "specular", "specular\specular.vcproj", "{D847C3A7-D66A-4275-B683-16E339CDA606}"
EndProject
Project("{8BC9CEB8-8B4A-11D0-8D11-00A0C91BC942}") = "multilight", "multilight\multilight.vcproj", "{04A570ED-0E2A-4CAE-8F54-DB25C0A5C955}"
EndProject
Project("{8BC9CEB8-8B4A-11D0-8D11-00A0C91BC942}") = "fogvs", "fogvs\fogvs.vcproj", "{07664C51-573F-4200-97BD-46823F7C84A6}"
EndProject
Project("{8BC9CEB8-8B4A-11D0-8D11-00A0C91BC942}") = "pointsize", "pointsize\pointsize.vcproj", "{4EF84B2F-CCD1-4ED9-9936-F0CCACA6B38F}"
EndProject
Project("{8BC9CEB8-8B4A-11D0-8D11-00A0C91BC942}") = "squashstrech", "squashstrech\squashstrech.vcproj", "{017E4924-FE6E-46B8-BC9A-969E8A6E7DEA}"
EndProject
Project("{8BC9CEB8-8B4A-11D0-8D11-00A0C91BC942}") = "vertexblend", "vertexblend\vertexblend.vcproj", "{77992B40-5291-41FD-99BD-1E9E52100C53}"
EndProject
Global
	GlobalSection(SolutionConfigurationPlatforms) = preSolution
		Debug|Win32 = Debug|Win32
		Release|Win32 = Release|Win32
	EndGlobalSection
	GlobalSection(ProjectConfigurationPlatforms) = postSolution
		{BDB4695B-94B9-404D-8D57-617ECE5EC3FE}.Debug|Win32.ActiveCfg = Debug|Win32
		{BDB4695B-94B9-404D-8D57-617ECE5EC3FE}.Debug|Win32.Build.0 = Debug|Win32
		{BDB4695B-94B9-404D-8D57-617ECE5EC3FE}.Release|Win32.ActiveCfg = Release|Win32
		{BDB4695B-94B9-404D-8D57-617ECE5EC3FE}.Release|Win32.Build.0 = Release|Win32
		{DE2F96AA-2C8B-4031-9FFF-8D2DB5FC2FE4}.Debug|Win32.ActiveCfg = Debug|Win32
		{DE2F96AA-2C8B-4031-9FFF-8D2DB5FC2FE4}.Debug|Win32.Build.0 = Debug|Win32
		{DE2F96AA-2C8B-4031-9FFF-8D2DB5FC2FE4}.Release|Win32.ActiveCfg = Release|Win32
		{DE2F96AA-2C8B-4031-9FFF-8D2DB5FC2FE4}.Release|Win32.Build.0 = Release|Win32
		{43775CB6-2EC5-418C-8EE2-2D19413668A5}.Debug|Win32.ActiveCfg = Debug|Win32
		{43775CB6-2EC5-418C-8EE2-2D19413668A5}.Debug|Win32.Build.0 = Debug|Win32
		{43775CB6-2EC5-418C-8EE2-2D19413668A5}.Release|Win32.ActiveCfg = Release|Win32
		{43775CB6-2EC5-418C-8EE2-2D19413668A5}.Release|Win32.Build.0 = Release|Win32
		{867269A4-1D60-4FC1-8DEF-21058D444E4A}.Debug|Win32.ActiveCfg = Debug|Win32
		{867269A4-1D60-4FC1-8DEF-21058D444E4A}.Debug|Win32.Build.0 = Debug|Win32
		{867269A4-1D60-4FC1-8DEF-21058D444E4A}.Release|Win32.ActiveCfg = Release|Win32
		{867269A4-1D60-4FC1-8DEF-21058D444E4A}.Release|Win32.Build.0 = Release|Win32
		{B6ABD5A3-4FBA-4B9C-A4A8-0C3226FF2BE1}.Debug|Win32.ActiveCfg = Debug|Win32
		{B6ABD5A3-4FBA-4B9C-A4A8-0C3226FF2BE1}.Debug|Win32.Build.0 = Debug|Win32
		{B6ABD5A3-4FBA-4B9C-A4A8-0C3226FF2BE1}.Release|Win32.ActiveCfg = Release|Win32
		{B6ABD5A3-4FBA-4B9C-A4A8-0C3226FF2BE1}.Release|Win32.Build.0 = Release|Win32
		{3010898D-5914-4634-88D5-4D3E53A17C87}.Debug|Win32.ActiveCfg = Debug|Win32
		{3010898D-5914-4634-88D5-4D3E53A17C87}.Debug|Win32.Build.0 = Debug|Win32
		{3010898D-5914-4634-88D5-4D3E53A17C87}.Release|Win32.ActiveCfg = Release|Win32
		{3010898D-5914-4634-88D5-4D3E53A17C87}.Release|Win32.Build.0 = Release|Win32
		{C5A34553-86C5-4F82-A6D9-6276ED3D7423}.Debug|Win32.ActiveCfg = Debug|Win32
		{C5A34553-86C5-4F82-A6D9-6276ED3D7423}.Debug|Win32.Build.0 = Debug|Win32
		{C5A34553-86C5-4F82-A6D9-6276ED3D7423}.Release|Win32.ActiveCfg = Release|Win32
		{C5A34553-86C5-4F82-A6D9-6276ED3D7423}.Release|Win32.Build.0 = Release|Win32
		{8B8546CB-85A2-4E3F-9877-A81DAE2D026C}.Debug|Win32.ActiveCfg = Debug|Win32
		{8B8546CB-85A2-4E3F-9877-A81DAE2D026C}.Debug|Win32.Build.0 = Debug|Win32
		{8B8546CB-85A2-4E3F-9877-A81DAE2D026C}.Release|Win32.ActiveCfg = Release|Win32
		{8B8546CB-85A2-4E3F-9877-A81DAE2D026C}.Release|Win32.Build.0 = Release|Win32
		{22CD9B04-0196-4C65-B94A-EA8D46296C4E}.Debug|Win32.ActiveCfg = Debug|Win32
		{22CD9B04-0196-4C65-B94A-EA8D46296C4E}.Debug|Win32.Build.0 = Debug|Win32
		{22CD9B04-0196-4C65-B94A-EA8D46296C4E}.Release|Win32.ActiveCfg = Release|Win32
		{22CD9B04-0196-4C65-B94A-EA8D46296C4E}.Release|Win32.Build.0 = Release|Win32
		{D96852C0-EFAF-4998-9724-F8A81E3627F1}.Debug|Win32.ActiveCfg = Debug|Win32
		{D96852C0-EFAF-4998-9724-F8A81E3627F1}.Debug|Win32.Build.0 = Debug|Win32
		{D96852C0-EFAF-4998-9724-F8A81E3627F1}.Release|Win32.ActiveCfg = Release|Win32
		{D96852C0-EFAF-4998-9724-F8A81E3627F1}.Release|Win32.Build.0 = Release|Win32
		{9C9AB486-FF37-4D19-BDA1-8834C57055B5}.Debug|Win32.ActiveCfg = Debug|Win32
		{9C9AB486-FF37-4D19-BDA1-8834C57055B5}.Debug|Win32.Build.0 = Debug|Win32
		{9C9AB486-FF37-4D19-BDA1-8834C57055B5}.Release|Win32.ActiveCfg = Release|Win32
		{9C9AB486-FF37-4D19-BDA1-8834C57055B5}.Release|Win32.Build.0 = Release|Win32
		{0B77C2EA-8EE3-49EF-903D-683A703748B5}.Debug|Win32.ActiveCfg = Debug|Win32
		{0B77C2EA-8EE3-49EF-903D-683A703748B5}.Debug|Win32.Build.0 = Debug|Win32
		{0B77C2EA-8EE3-49EF-903D-683A703748B5}.Release|Win32.ActiveCfg = Release|Win32
		{0B77C2EA-8EE3-49EF-903D-683A703748B5}.Release|Win32.Build.0 = Release|Win32
		{4316E779-B9F0-462D-8CEC-BA02BC6F54AC}.Debug|Win32.ActiveCfg = Debug|Win32
		{4316E779-B9F0-462D-8CEC-BA02BC6F54AC}.Debug|Win32.Build.0 = Debug|Win32
		{4316E779-B9F0-462D-8CEC-BA02BC6F54AC}.Release|Win32.ActiveCfg = Release|Win32
		{4316E779-B9F0-462D-8CEC-BA02BC6F54AC}.Release|Win32.Build.0 = Release|Win32
		{35427B73-5771-4637-B8F2-70B08F7408DC}.Debug|Win32.ActiveCfg = Debug|Win32
		{35427B73-5771-4637-B8F2-70B08F7408DC}.Debug|Win32.Build.0 = Debug|Win32
		{35427B73-5771-4637-B8F2-70B08F7408DC}.Release|Win32.ActiveCfg = Release|Win32
		{35427B73-5771-4637-B8F2-70B08F7408DC}.Release|Win32.Build.0 = Release|Win32
		{36598E14-C657-419A-8B70-F598A8AB1A72}.Debug|Win32.ActiveCfg = Debug|Win32
		{36598E14-C657-419A-8B70-F598A8AB1A72}.Debug|Win32.Build.0 = Debug|Win32
		{36598E14-C657-419A-8B70-F598A8AB1A72}.Release|Win32.ActiveCfg = Release|Win32
		{36598E14-C657-419A-8B70-F598A8AB1A72}.Release|Win32.Build.0 = Release|Win32
		{A09F56F8-BF8B-4F28-A3CB-BDC4FA883F44}.Debug|Win32.ActiveCfg = Debug|Win32
		{A09F56F8-BF8B-4F28-A3CB-BDC4FA883F44}.Debug|Win32.Build.0 = Debug|Win32
		{A09F56F8-BF8B-4F28-A3CB-BDC4FA883F44}.Release|Win32.ActiveCfg = Release|Win32
		{A09F56F8-BF8B-4F28-A3CB-BDC4FA883F44}.Release|Win32.Build.0 = Release|Win32
		{7360C018-D61D-409F-83BD-B8ADD99B3024}.Debug|Win32.ActiveCfg = Debug|Win32
		{7360C018-D61D-409F-83BD-B8ADD99B3024}.Debug|Win32.Build.0 = Debug|Win32
		{7360C018-D61D-409F-83BD-B8ADD99B3024}.Release|Win32.ActiveCfg = Release|Win32
		{7360C018-D61D-409F-83BD-B8ADD99B3024}.Release|Win32.Build.0 = Release|Win32
		{E750D136-CFA3-43BA-9675-059AD6572329}.Debug|Win32.ActiveCfg = Debug|Win32
		{E750D136-CFA3-43BA-9675-059AD6572329}.Debug|Win32.Build.0 = Debug|Win32
		{E750D136-CFA3-43BA-9675-059AD6572329}.Release|Win32.ActiveCfg = Release|Win32
		{E750D136-CFA3-43BA-9675-059AD6572329}.Release|Win32.Build.0 = Release|Win32
		{2F713590-A548-47D4-95DB-0345CC0B709D}.Debug|Win32.ActiveCfg = Debug|Win32
		{2F713590-A548-47D4-95DB-0345CC0B709D}.Debug|Win32.Build.0 = Debug|Win32
		{2F713590-A548-47D4-95DB-0345CC0B709D}.Release|Win32.ActiveCfg = Release|Win32
		{2F713590-A548-47D4-95DB-0345CC0B709D}.Release|Win32.Build.0 = Release|Win32
		{C2DCD7F2-6325-4E6E-A7A4-CD2A0166704E}.Debug|Win32.ActiveCfg = Debug|Win32
		{C2DCD7F2-6325-4E6E-A7A4-CD2A0166704E}.Debug|Win32.Build.0 = Debug|Win32
		{C2DCD7F2-6325-4E6E-A7A4-CD2A0166704E}.Release|Win32.ActiveCfg = Release|Win32
		{C2DCD7F2-6325-4E6E-A7A4-CD2A0166704E}.Release|Win32.Build.0 = Release|Win32
		{30B7E9FC-2C1F-4ED9-9CF6-3AB39AB971EE}.Debug|Win32.ActiveCfg = Debug|Win32
		{30B7E9FC-2C1F-4ED9-9CF6-3AB39AB971EE}.Debug|Win32.Build.0 = Debug|Win32
		{30B7E9FC-2C1F-4ED9-9CF6-3AB39AB971EE}.Release|Win32.ActiveCfg = Release|Win32
		{30B7E9FC-2C1F-4ED9-9CF6-3AB39AB971EE}.Release|Win32.Build.0 = Release|Win32
		{380ACA06-FE2C-4F1E-B72E-DC81A1868D55}.Debug|Win32.ActiveCfg = Debug|Win32
		{380ACA06-FE2C-4F1E-B72E-DC81A1868D55}.Debug|Win32.Build.0 = Debug|Win32
		{380ACA06-FE2C-4F1E-B72E-DC81A1868D55}.Release|Win32.ActiveCfg = Release|Win32
		{380ACA06-FE2C-4F1E-B72E-DC81A1868D55}.Release|Win32.Build.0 = Release|Win32
		{725BB034-A3FE-4E63-9355-FEACF3861E70}.Debug|Win32.ActiveCfg = Debug|Win32
		{725BB034-A3FE-4E63-9355-FEACF3861E70}.Debug|Win32.Build.0 = Debug|Win32
		{725BB034-A3FE-4E63-9355-FEACF3861E70}.Release|Win32.ActiveCfg = Release|Win32
		{725BB034-A3FE-4E63-9355-FEACF3861E70}.Release|Win32.Build.0 = Release|Win32
		{706A23F0-8925-438D-96C4-B4F4803ED4B8}.Debug|Win32.ActiveCfg = Debug|Win32
		{706A23F0-8925-438D-96C4-B4F4803ED4B8}.Debug|Win32.Build.0 = Debug|Win32
		{706A23F0-8925-438D-96C4-B4F4803ED4B8}.Release|Win32.ActiveCfg = Release|Win32
		{706A23F0-8925-438D-96C4-B4F4803ED4B8}.Release|Win32.Build.0 = Release|Win32
		{F0AA4598-57D1-4B85-A437-A4600D9FE4A9}.Debug|Win32.ActiveCfg = Debug|Win32
		{F0AA4598-57D1-4B85-A437-A4600D9FE4A9}.Debug|Win32.Build.0 = Debug|Win32
		{F0AA4598-57D1-4B85-A437-A4600D9FE4A9}.Release|Win32.ActiveCfg = Release|Win32
		{F0AA4598-57D1-4B85-A437-A4600D9FE4A9}.Release|Win32.Build.0 = Release|Win32
		{F1C6B230-01EF-40A6-B76F-86D55200927D}.Debug|Win32.ActiveCfg = Debug|Win32
		{F1C6B230-01EF-40A6-B76F-86D55200927D}.Debug|Win32.Build.0 = Debug|Win32
		{F1C6B230-01EF-40A6-B76F-86D55200927D}.Release|Win32.ActiveCfg = Release|Win32
		{F1C6B230-01EF-40A6-B76F-86D55200927D}.Release|Win32.Build.0 = Release|Win32
		{37C33D68-46EA-4B66-AD6A-D8BFCB760CE9}.Debug|Win32.ActiveCfg = Debug|Win32
		{37C33D68-46EA-4B66-AD6A-D8BFCB760CE9}.Debug|Win32.Build.0 = Debug|Win32
		{37C33D68-46EA-4B66-AD6A-D8BFCB760CE9}.Release|Win32.ActiveCfg = Release|Win32
		{37C33D68-46EA-4B66-AD6A-D8BFCB760CE9}.Release|Win32.Build.0 = Release|Win32
		{92188A24-C532-4277-85E2-97A3087490EC}.Debug|Win32.ActiveCfg = Debug|Win32
		{92188A24-C532-4277-85E2-97A3087490EC}.Debug|Win32.Build.0 = Debug|Win32
		{92188A24-C532-4277-85E2-97A3087490EC}.Release|Win32.ActiveCfg = Release|Win32
		{92188A24-C532-4277-85E2-97A3087490EC}.Release|Win32.Build.0 = Release|Win32
		{B9DCD2A0-E6B4-48FA-8E51-80CE94B2C3E3}.Debug|Win32.ActiveCfg = Debug|Win32
		{B9DCD2A0-E6B4-48FA-8E51-80CE94B2C3E3}.Debug|Win32.Build.0 = Debug|Win32
		{B9DCD2A0-E6B4-48FA-8E51-80CE94B2C3E3}.Release|Win32.ActiveCfg = Release|Win32
		{B9DCD2A0-E6B4-48FA-8E51-80CE94B2C3E3}.Release|Win32.Build.0 = Release|Win32
		{AF6EA801-384C-434E-B000-6DB7D12C08C4}.Debug|Win32.ActiveCfg = Debug|Win32
		{AF6EA801-384C-434E-B000-6DB7D12C08C4}.Debug|Win32.Build.0 = Debug|Win32
		{AF6EA801-384C-434E-B000-6DB7D12C08C4}.Release|Win32.ActiveCfg = Release|Win32
		{AF6EA801-384C-434E-B000-6DB7D12C08C4}.Release|Win32.Build.0 = Release|Win32
		{686548DC-552F-4E3B-A0E0-F5AB83C52F39}.Debug|Win32.ActiveCfg = Debug|Win32
		{686548DC-552F-4E3B-A0E0-F5AB83C52F39}.Debug|Win32.Build.0 = Debug|Win32
		{686548DC-552F-4E3B-A0E0-F5AB83C52F39}.Release|Win32.ActiveCfg = Release|Win32
		{686548DC-552F-4E3B-A0E0-F5AB83C52F39}.Release|Win32.Build.0 = Release|Win32
		{E0A0E59D-77B1-46E0-8AA3-4FEC5EAC377F}.Debug|Win32.ActiveCfg = Debug|Win32
		{E0A0E59D-77B1-46E0-8AA3-4FEC5EAC377F}.Debug|Win32.Build.0 = Debug|Win32
		{E0A0E59D-77B1-46E0-8AA3-4FEC5EAC377F}.Release|Win32.ActiveCfg = Release|Win32
		{E0A0E59D-77B1-46E0-8AA3-4FEC5EAC377F}.Release|Win32.Build.0 = Release|Win32
		{FD6A00DA-075C-4002-9D72-414ACC8F8DEC}.Debug|Win32.ActiveCfg = Debug|Win32
		{FD6A00DA-075C-4002-9D72-414ACC8F8DEC}.Debug|Win32.Build.0 = Debug|Win32
		{FD6A00DA-075C-4002-9D72-414ACC8F8DEC}.Release|Win32.ActiveCfg = Release|Win32
		{FD6A00DA-075C-4002-9D72-414ACC8F8DEC}.Release|Win32.Build.0 = Release|Win32
		{1A150722-ED7B-4AE5-AB10-B1BD5851B808}.Debug|Win32.ActiveCfg = Debug|Win32
		{1A150722-ED7B-4AE5-AB10-B1BD5851B808}.Debug|Win32.Build.0 = Debug|Win32
		{1A150722-ED7B-4AE5-AB10-B1BD5851B808}.Release|Win32.ActiveCfg = Release|Win32
		{1A150722-ED7B-4AE5-AB10-B1BD5851B808}.Release|Win32.Build.0 = Release|Win32
		{923CA11A-CF19-42C1-A5ED-BA553DE1A70C}.Debug|Win32.ActiveCfg = Debug|Win32
		{923CA11A-CF19-42C1-A5ED-BA553DE1A70C}.Debug|Win32.Build.0 = Debug|Win32
		{923CA11A-CF19-42C1-A5ED-BA553DE1A70C}.Release|Win32.ActiveCfg = Release|Win32
		{923CA11A-CF19-42C1-A5ED-BA553DE1A70C}.Release|Win32.Build.0 = Release|Win32
		{AEE75656-6F6A-4317-BF2F-39DCF8788B05}.Debug|Win32.ActiveCfg = Debug|Win32
		{AEE75656-6F6A-4317-BF2F-39DCF8788B05}.Debug|Win32.Build.0 = Debug|Win32
		{AEE75656-6F6A-4317-BF2F-39DCF8788B05}.Release|Win32.ActiveCfg = Release|Win32
		{AEE75656-6F6A-4317-BF2F-39DCF8788B05}.Release|Win32.Build.0 = Release|Win32
		{629B9B02-9B00-4757-B6C5-A71756385A33}.Debug|Win32.ActiveCfg = Debug|Win32
		{629B9B02-9B00-4757-B6C5-A71756385A33}.Debug|Win32.Build.0 = Debug|Win32
		{629B9B02-9B00-4757-B6C5-A71756385A33}.Release|Win32.ActiveCfg = Release|Win32
		{629B9B02-9B00-4757-B6C5-A71756385A33}.Release|Win32.Build.0 = Release|Win32
		{569B23EF-AF36-47E1-9B25-BF1AD509C675}.Debug|Win32.ActiveCfg = Debug|Win32
		{569B23EF-AF36-47E1-9B25-BF1AD509C675}.Debug|Win32.Build.0 = Debug|Win32
		{569B23EF-AF36-47E1-9B25-BF1AD509C675}.Release|Win32.ActiveCfg = Release|Win32
		{569B23EF-AF36-47E1-9B25-BF1AD509C675}.Release|Win32.Build.0 = Release|Win32
		{F6C6CA70-6550-4FBF-855D-E6508C493951}.Debug|Win32.ActiveCfg = Debug|Win32
		{F6C6CA70-6550-4FBF-855D-E6508C493951}.Debug|Win32.Build.0 = Debug|Win32
		{F6C6CA70-6550-4FBF-855D-E6508C493951}.Release|Win32.ActiveCfg = Release|Win32
		{F6C6CA70-6550-4FBF-855D-E6508C493951}.Release|Win32.Build.0 = Release|Win32
		{3158D72C-2A75-4FB2-AE50-B940879BFB93}.Debug|Win32.ActiveCfg = Debug|Win32
		{3158D72C-2A75-4FB2-AE50-B940879BFB93}.Debug|Win32.Build.0 = Debug|Win32
		{3158D72C-2A75-4FB2-AE50-B940879BFB93}.Release|Win32.ActiveCfg = Release|Win32
		{3158D72C-2A75-4FB2-AE50-B940879BFB93}.Release|Win32.Build.0 = Release|Win32
		{9DDB2294-CF03-487E-B78A-45FDB1017E16}.Debug|Win32.ActiveCfg = Debug|Win32
		{9DDB2294-CF03-487E-B78A-45FDB1017E16}.Debug|Win32.Build.0 = Debug|Win32
		{9DDB2294-CF03-487E-B78A-45FDB1017E16}.Release|Win32.ActiveCfg = Release|Win32
		{9DDB2294-CF03-487E-B78A-45FDB1017E16}.Release|Win32.Build.0 = Release|Win32
		{9E5CD8AB-5BAD-4B4C-AF6C-846C97FA724E}.Debug|Win32.ActiveCfg = Debug|Win32
		{9E5CD8AB-5BAD-4B4C-AF6C-846C97FA724E}.Debug|Win32.Build.0 = Debug|Win32
		{9E5CD8AB-5BAD-4B4C-AF6C-846C97FA724E}.Release|Win32.ActiveCfg = Release|Win32
		{9E5CD8AB-5BAD-4B4C-AF6C-846C97FA724E}.Release|Win32.Build.0 = Release|Win32
		{59C6A0CB-4C03-4486-B072-C88887627FB4}.Debug|Win32.ActiveCfg = Debug|Win32
		{59C6A0CB-4C03-4486-B072-C88887627FB4}.Debug|Win32.Build.0 = Debug|Win32
		{59C6A0CB-4C03-4486-B072-C88887627FB4}.Release|Win32.ActiveCfg = Release|Win32
		{59C6A0CB-4C03-4486-B072-C88887627FB4}.Release|Win32.Build.0 = Release|Win32
		{AFC20750-C4E1-4077-8BC7-1CDDE686CB51}.Debug|Win32.ActiveCfg = Debug|Win32
		{AFC20750-C4E1-4077-8BC7-1CDDE686CB51}.Debug|Win32.Build.0 = Debug|Win32
		{AFC20750-C4E1-4077-8BC7-1CDDE686CB51}.Release|Win32.ActiveCfg = Release|Win32
		{AFC20750-C4E1-4077-8BC7-1CDDE686CB51}.Release|Win32.Build.0 = Release|Win32
		{0EA2C79E-3A6D-47F7-A46F-46D547A1F9DD}.Debug|Win32.ActiveCfg = Debug|Win32
		{0EA2C79E-3A6D-47F7-A46F-46D547A1F9DD}.Debug|Win32.Build.0 = Debug|Win32
		{0EA2C79E-3A6D-47F7-A46F-46D547A1F9DD}.Release|Win32.ActiveCfg = Release|Win32
		{0EA2C79E-3A6D-47F7-A46F-46D547A1F9DD}.Release|Win32.Build.0 = Release|Win32
		{DCDA1A3C-0C0E-4F81-924C-8B9ACBC12D25}.Debug|Win32.ActiveCfg = Debug|Win32
		{DCDA1A3C-0C0E-4F81-924C-8B9ACBC12D25}.Debug|Win32.Build.0 = Debug|Win32
		{DCDA1A3C-0C0E-4F81-924C-8B9ACBC12D25}.Release|Win32.ActiveCfg = Release|Win32
		{DCDA1A3C-0C0E-4F81-924C-8B9ACBC12D25}.Release|Win32.Build.0 = Release|Win32
		{5A1C7381-B75A-42BB-A0D7-7483248E7057}.Debug|Win32.ActiveCfg = Debug|Win32
		{5A1C7381-B75A-42BB-A0D7-7483248E7057}.Debug|Win32.Build.0 = Debug|Win32
		{5A1C7381-B75A-42BB-A0D7-7483248E7057}.Release|Win32.ActiveCfg = Release|Win32
		{5A1C7381-B75A-42BB-A0D7-7483248E7057}.Release|Win32.Build.0 = Release|Win32
		{FD0D6C1C-DDFD-49A7-A23E-4E430E389AEA}.Debug|Win32.ActiveCfg = Debug|Win32
		{FD0D6C1C-DDFD-49A7-A23E-4E430E389AEA}.Debug|Win32.Build.0 = Debug|Win32
		{FD0D6C1C-DDFD-49A7-A23E-4E430E389AEA}.Release|Win32.ActiveCfg = Release|Win32
		{FD0D6C1C-DDFD-49A7-A23E-4E430E389AEA}.Release|Win32.Build.0 = Release|Win32
		{877F16C0-FEC2-48A1-AF32-B94215FE73AF}.Debug|Win32.ActiveCfg = Debug|Win32
		{877F16C0-FEC2-48A1-AF32-B94215FE73AF}.Debug|Win32.Build.0 = Debug|Win32
		{877F16C0-FEC2-48A1-AF32-B94215FE73AF}.Release|Win32.ActiveCfg = Release|Win32
		{877F16C0-FEC2-48A1-AF32-B94215FE73AF}.Release|Win32.Build.0 = Release|Win32
		{87938AB8-C521-43E9-B4A3-21B1522C5743}.Debug|Win32.ActiveCfg = Debug|Win32
		{87938AB8-C521-43E9-B4A3-21B1522C5743}.Debug|Win32.Build.0 = Debug|Win32
		{87938AB8-C521-43E9-B4A3-21B1522C5743}.Release|Win32.ActiveCfg = Release|Win32
		{87938AB8-C521-43E9-B4A3-21B1522C5743}.Release|Win32.Build.0 = Release|Win32
		{A9108C1B-6C2D-47D9-BC9B-675EBDAE619E}.Debug|Win32.ActiveCfg = Debug|Win32
		{A9108C1B-6C2D-47D9-BC9B-675EBDAE619E}.Debug|Win32.Build.0 = Debug|Win32
		{A9108C1B-6C2D-47D9-BC9B-675EBDAE619E}.Release|Win32.ActiveCfg = Release|Win32
		{A9108C1B-6C2D-47D9-BC9B-675EBDAE619E}.Release|Win32.Build.0 = Release|Win32
		{A2BF74F4-F61D-4347-B9E6-141EEF18FA1B}.Debug|Win32.ActiveCfg = Debug|Win32
		{A2BF74F4-F61D-4347-B9E6-141EEF18FA1B}.Debug|Win32.Build.0 = Debug|Win32
		{A2BF74F4-F61D-4347-B9E6-141EEF18FA1B}.Release|Win32.ActiveCfg = Release|Win32
		{A2BF74F4-F61D-4347-B9E6-141EEF18FA1B}.Release|Win32.Build.0 = Release|Win32
		{B2E3C8A9-A932-4688-87AE-D881B945E0E0}.Debug|Win32.ActiveCfg = Debug|Win32
		{B2E3C8A9-A932-4688-87AE-D881B945E0E0}.Debug|Win32.Build.0 = Debug|Win32
		{B2E3C8A9-A932-4688-87AE-D881B945E0E0}.Release|Win32.ActiveCfg = Release|Win32
		{B2E3C8A9-A932-4688-87AE-D881B945E0E0}.Release|Win32.Build.0 = Release|Win32
		{627E7ADA-BFBC-44BB-B5CE-38D30660336C}.Debug|Win32.ActiveCfg = Debug|Win32
		{627E7ADA-BFBC-44BB-B5CE-38D30660336C}.Debug|Win32.Build.0 = Debug|Win32
		{627E7ADA-BFBC-44BB-B5CE-38D30660336C}.Release|Win32.ActiveCfg = Release|Win32
		{627E7ADA-BFBC-44BB-B5CE-38D30660336C}.Release|Win32.Build.0 = Release|Win32
		{D847C3A7-D66A-4275-B683-16E339CDA606}.Debug|Win32.ActiveCfg = Debug|Win32
		{D847C3A7-D66A-4275-B683-16E339CDA606}.Debug|Win32.Build.0 = Debug|Win32
		{D847C3A7-D66A-4275-B683-16E339CDA606}.Release|Win32.ActiveCfg = Release|Win32
		{D847C3A7-D66A-4275-B683-16E339CDA606}.Release|Win32.Build.0 = Release|Win32
		{04A570ED-0E2A-4CAE-8F54-DB25C0A5C955}.Debug|Win32.ActiveCfg = Debug|Win32
		{04A570ED-0E2A-4CAE-8F54-DB25C0A5C955}.Debug|Win32.Build.0 = Debug|Win32
		{04A570ED-0E2A-4CAE-8F54-DB25C0A5C955}.Release|Win32.ActiveCfg = Release|Win32
		{04A570ED-0E2A-4CAE-8F54-DB25C0A5C955}.Release|Win32.Build.0 = Release|Win32
		{07664C51-573F-4200-97BD-46823F7C84A6}.Debug|Win32.ActiveCfg = Debug|Win32
		{07664C51-573F-4200-97BD-46823F7C84A6}.Debug|Win32.Build.0 = Debug|Win32
		{07664C51-573F-4200-97BD-46823F7C84A6}.Release|Win32.ActiveCfg = Release|Win32
		{07664C51-573F-4200-97BD-46823F7C84A6}.Release|Win32.Build.0 = Release|Win32
		{4EF84B2F-CCD1-4ED9-9936-F0CCACA6B38F}.Debug|Win32.ActiveCfg = Debug|Win32
		{4EF84B2F-CCD1-4ED9-9936-F0CCACA6B38F}.Debug|Win32.Build.0 = Debug|Win32
		{4EF84B2F-CCD1-4ED9-9936-F0CCACA6B38F}.Release|Win32.ActiveCfg = Release|Win32
		{4EF84B2F-CCD1-4ED9-9936-F0CCACA6B38F}.Release|Win32.Build.0 = Release|Win32
		{017E4924-FE6E-46B8-BC9A-969E8A6E7DEA}.Debug|Win32.ActiveCfg = Debug|Win32
		{017E4924-FE6E-46B8-BC9A-969E8A6E7DEA}.Debug|Win32.Build.0 = Debug|Win32
		{017E4924-FE6E-46B8-BC9A-969E8A6E7DEA}.Release|Win32.ActiveCfg = Release|Win32
		{017E4924-FE6E-46B8-BC9A-969E8A6E7DEA}.Release|Win32.Build.0 = Release|Win32
		{77992B40-5291-41FD-99BD-1E9E52100C53}.Debug|Win32.ActiveCfg = Debug|Win32
		{77992B40-5291-41FD-99BD-1E9E52100C53}.Debug|Win32.Build.0 = Debug|Win32
		{77992B40-5291-41FD-99BD-1E9E52100C53}.Release|Win32.ActiveCfg = Release|Win32
		{77992B40-5291-41FD-99BD-1E9E52100C53}.Release|Win32.Build.0 = Release|Win32
	EndGlobalSection
	GlobalSection(SolutionProperties) = preSolution
		HideSolutionNode = FALSE
	EndGlobalSection
	GlobalSection(NestedProjects) = preSolution
		{DE2F96AA-2C8B-4031-9FFF-8D2DB5FC2FE4} = {47EC4C88-6E05-4E42-96EB-0E4D88139C9E}
		{43775CB6-2EC5-418C-8EE2-2D19413668A5} = {47EC4C88-6E05-4E42-96EB-0E4D88139C9E}
		{867269A4-1D60-4FC1-8DEF-21058D444E4A} = {47EC4C88-6E05-4E42-96EB-0E4D88139C9E}
		{B6ABD5A3-4FBA-4B9C-A4A8-0C3226FF2BE1} = {47EC4C88-6E05-4E42-96EB-0E4D88139C9E}
		{BDB4695B-94B9-404D-8D57-617ECE5EC3FE} = {47EC4C88-6E05-4E42-96EB-0E4D88139C9E}
		{3010898D-5914-4634-88D5-4D3E53A17C87} = {47EC4C88-6E05-4E42-96EB-0E4D88139C9E}
		{C5A34553-86C5-4F82-A6D9-6276ED3D7423} = {6A57A2E6-AC9B-46C8-B3FE-EFA692894D27}
		{8B8546CB-85A2-4E3F-9877-A81DAE2D026C} = {6A57A2E6-AC9B-46C8-B3FE-EFA692894D27}
		{22CD9B04-0196-4C65-B94A-EA8D46296C4E} = {6A57A2E6-AC9B-46C8-B3FE-EFA692894D27}
		{D96852C0-EFAF-4998-9724-F8A81E3627F1} = {6A57A2E6-AC9B-46C8-B3FE-EFA692894D27}
		{0B77C2EA-8EE3-49EF-903D-683A703748B5} = {5C44D4FC-D063-437C-BD79-C23C030A89E5}
		{4316E779-B9F0-462D-8CEC-BA02BC6F54AC} = {5C44D4FC-D063-437C-BD79-C23C030A89E5}
		{35427B73-5771-4637-B8F2-70B08F7408DC} = {5C44D4FC-D063-437C-BD79-C23C030A89E5}
		{36598E14-C657-419A-8B70-F598A8AB1A72} = {5C44D4FC-D063-437C-BD79-C23C030A89E5}
		{A09F56F8-BF8B-4F28-A3CB-BDC4FA883F44} = {5C44D4FC-D063-437C-BD79-C23C030A89E5}
		{7360C018-D61D-409F-83BD-B8ADD99B3024} = {5C44D4FC-D063-437C-BD79-C23C030A89E5}
		{E750D136-CFA3-43BA-9675-059AD6572329} = {5C44D4FC-D063-437C-BD79-C23C030A89E5}
		{2F713590-A548-47D4-95DB-0345CC0B709D} = {8C2F739E-1489-42F0-A446-9108F540AA4F}
		{C2DCD7F2-6325-4E6E-A7A4-CD2A0166704E} = {8C2F739E-1489-42F0-A446-9108F540AA4F}
		{30B7E9FC-2C1F-4ED9-9CF6-3AB39AB971EE} = {8C2F739E-1489-42F0-A446-9108F540AA4F}
		{380ACA06-FE2C-4F1E-B72E-DC81A1868D55} = {8C2F739E-1489-42F0-A446-9108F540AA4F}
		{725BB034-A3FE-4E63-9355-FEACF3861E70} = {8C2F739E-1489-42F0-A446-9108F540AA4F}
		{706A23F0-8925-438D-96C4-B4F4803ED4B8} = {32D7BBA2-C1D8-4848-B4C3-8349B1B03AFE}
		{F0AA4598-57D1-4B85-A437-A4600D9FE4A9} = {32D7BBA2-C1D8-4848-B4C3-8349B1B03AFE}
		{F1C6B230-01EF-40A6-B76F-86D55200927D} = {32D7BBA2-C1D8-4848-B4C3-8349B1B03AFE}
		{37C33D68-46EA-4B66-AD6A-D8BFCB760CE9} = {32D7BBA2-C1D8-4848-B4C3-8349B1B03AFE}
		{92188A24-C532-4277-85E2-97A3087490EC} = {1E165EDB-533E-428D-B6B3-4FBCF4B54524}
		{B9DCD2A0-E6B4-48FA-8E51-80CE94B2C3E3} = {1E165EDB-533E-428D-B6B3-4FBCF4B54524}
		{AF6EA801-384C-434E-B000-6DB7D12C08C4} = {1E165EDB-533E-428D-B6B3-4FBCF4B54524}
		{686548DC-552F-4E3B-A0E0-F5AB83C52F39} = {1E165EDB-533E-428D-B6B3-4FBCF4B54524}
		{E0A0E59D-77B1-46E0-8AA3-4FEC5EAC377F} = {341BEF52-D1C6-4A77-9156-AC95AC649D4E}
		{FD6A00DA-075C-4002-9D72-414ACC8F8DEC} = {341BEF52-D1C6-4A77-9156-AC95AC649D4E}
		{1A150722-ED7B-4AE5-AB10-B1BD5851B808} = {341BEF52-D1C6-4A77-9156-AC95AC649D4E}
		{923CA11A-CF19-42C1-A5ED-BA553DE1A70C} = {341BEF52-D1C6-4A77-9156-AC95AC649D4E}
		{AEE75656-6F6A-4317-BF2F-39DCF8788B05} = {7823C9E0-51C9-4D94-A97D-FEB50D0254C8}
		{629B9B02-9B00-4757-B6C5-A71756385A33} = {7823C9E0-51C9-4D94-A97D-FEB50D0254C8}
		{569B23EF-AF36-47E1-9B25-BF1AD509C675} = {7823C9E0-51C9-4D94-A97D-FEB50D0254C8}
		{3158D72C-2A75-4FB2-AE50-B940879BFB93} = {7823C9E0-51C9-4D94-A97D-FEB50D0254C8}
		{9DDB2294-CF03-487E-B78A-45FDB1017E16} = {7823C9E0-51C9-4D94-A97D-FEB50D0254C8}
		{9E5CD8AB-5BAD-4B4C-AF6C-846C97FA724E} = {7823C9E0-51C9-4D94-A97D-FEB50D0254C8}
		{F6C6CA70-6550-4FBF-855D-E6508C493951} = {EFB5091C-4F51-4532-9A2F-B2A3DB260A45}
		{59C6A0CB-4C03-4486-B072-C88887627FB4} = {EFB5091C-4F51-4532-9A2F-B2A3DB260A45}
		{AFC20750-C4E1-4077-8BC7-1CDDE686CB51} = {EFB5091C-4F51-4532-9A2F-B2A3DB260A45}
		{DCDA1A3C-0C0E-4F81-924C-8B9ACBC12D25} = {EFB5091C-4F51-4532-9A2F-B2A3DB260A45}
		{FD0D6C1C-DDFD-49A7-A23E-4E430E389AEA} = {EFB5091C-4F51-4532-9A2F-B2A3DB260A45}
		{877F16C0-FEC2-48A1-AF32-B94215FE73AF} = {EFB5091C-4F51-4532-9A2F-B2A3DB260A45}
		{0EA2C79E-3A6D-47F7-A46F-46D547A1F9DD} = {E432EF3D-AF06-4A3E-A767-97580B7EECC4}
		{5A1C7381-B75A-42BB-A0D7-7483248E7057} = {E432EF3D-AF06-4A3E-A767-97580B7EECC4}
		{87938AB8-C521-43E9-B4A3-21B1522C5743} = {314BB4AF-8FE2-45B6-B884-D4DA06D39A77}
		{A9108C1B-6C2D-47D9-BC9B-675EBDAE619E} = {F68F03C2-2B83-4E6F-857D-CD54E07362F9}
		{A2BF74F4-F61D-4347-B9E6-141EEF18FA1B} = {F68F03C2-2B83-4E6F-857D-CD54E07362F9}
		{B2E3C8A9-A932-4688-87AE-D881B945E0E0} = {BC713D83-5F18-494C-9583-D4007FF11B39}
		{627E7ADA-BFBC-44BB-B5CE-38D30660336C} = {7C385ECC-97B7-4058-9A7B-3E3203CA49F9}
		{D847C3A7-D66A-4275-B683-16E339CDA606} = {7C385ECC-97B7-4058-9A7B-3E3203CA49F9}
		{04A570ED-0E2A-4CAE-8F54-DB25C0A5C955} = {7C385ECC-97B7-4058-9A7B-3E3203CA49F9}
		{07664C51-573F-4200-97BD-46823F7C84A6} = {7C385ECC-97B7-4058-9A7B-3E3203CA49F9}
		{4EF84B2F-CCD1-4ED9-9936-F0CCACA6B38F} = {7C385ECC-97B7-4058-9A7B-3E3203CA49F9}
		{017E4924-FE6E-46B8-BC9A-969E8A6E7DEA} = {7C385ECC-97B7-4058-9A7B-3E3203CA49F9}
		{77992B40-5291-41FD-99BD-1E9E52100C53} = {7C385ECC-97B7-4058-9A7B-3E3203CA49F9}
	EndGlobalSection
	GlobalSection(DPCodeReviewSolutionGUID) = preSolution
		DPCodeReviewSolutionGUID = {00000000-0000-0000-0000-000000000000}
	EndGlobalSection
EndGlobal
